{
  "name": "gotdiff",
  "version": "1.0.0",
  "lockfileVersion": 1,
  "requires": true,
  "dependencies": {
    "@babel/runtime": {
      "version": "7.18.9",
      "resolved": "https://registry.npmjs.org/@babel/runtime/-/runtime-7.18.9.tgz",
      "integrity": "sha512-lkqXDcvlFT5rvEjiu6+QYO+1GXrEHRo2LOtS7E4GtX5ESIZOgepqsZBVIj6Pv+a6zqsya9VCgiK1KAK4BvJDAw==",
      "requires": {
        "regenerator-runtime": "^0.13.4"
      }
    },
    "@greenlock/manager": {
      "version": "3.1.0",
      "resolved": "https://registry.npmjs.org/@greenlock/manager/-/manager-3.1.0.tgz",
      "integrity": "sha512-PBy5CMK+j4oD7sj7hF5qE+xKEOSiiuL2hHd5X5ttEbtnTSDKjNeqbrR5k2ZddwVNdjOVeBIeuqlm81IFZ+Ftew==",
      "requires": {
        "greenlock-manager-fs": "^3.1.0"
      }
    },
    "@ioredis/commands": {
      "version": "1.2.0",
      "resolved": "https://registry.npmjs.org/@ioredis/commands/-/commands-1.2.0.tgz",
      "integrity": "sha512-Sx1pU8EM64o2BrqNpEO1CNLtKQwyhuXuqyfH7oGKCk+1a33d2r5saW8zNwm3j6BTExtjrv2BxTgzzkMwts6vGg=="
    },
    "@root/acme": {
      "version": "3.1.0",
      "resolved": "https://registry.npmjs.org/@root/acme/-/acme-3.1.0.tgz",
      "integrity": "sha512-GAyaW63cpSYd2KvVp5lHLbCWeEhJPKZK9nsJvZJOKsD9Uv88KEttn4FpDZEJ+2q3Jsey0DWpuQ2I4ft0JV9p2w==",
      "requires": {
        "@root/csr": "^0.8.1",
        "@root/encoding": "^1.0.1",
        "@root/keypairs": "^0.10.0",
        "@root/pem": "^1.0.4",
        "@root/request": "^1.6.1",
        "@root/x509": "^0.7.2"
      }
    },
    "@root/asn1": {
      "version": "1.0.0",
      "resolved": "https://registry.npmjs.org/@root/asn1/-/asn1-1.0.0.tgz",
      "integrity": "sha512-0lfZNuOULKJDJmdIkP8V9RnbV3XaK6PAHD3swnFy4tZwtlMDzLKoM/dfNad7ut8Hu3r91wy9uK0WA/9zym5mig==",
      "requires": {
        "@root/encoding": "^1.0.1"
      }
    },
    "@root/csr": {
      "version": "0.8.1",
      "resolved": "https://registry.npmjs.org/@root/csr/-/csr-0.8.1.tgz",
      "integrity": "sha512-hKl0VuE549TK6SnS2Yn9nRvKbFZXn/oAg+dZJU/tlKl/f/0yRXeuUzf8akg3JjtJq+9E592zDqeXZ7yyrg8fSQ==",
      "requires": {
        "@root/asn1": "^1.0.0",
        "@root/pem": "^1.0.4",
        "@root/x509": "^0.7.2"
      }
    },
    "@root/encoding": {
      "version": "1.0.1",
      "resolved": "https://registry.npmjs.org/@root/encoding/-/encoding-1.0.1.tgz",
      "integrity": "sha512-OaEub02ufoU038gy6bsNHQOjIn8nUjGiLcaRmJ40IUykneJkIW5fxDqKxQx48cszuNflYldsJLPPXCrGfHs8yQ=="
    },
    "@root/greenlock": {
      "version": "4.0.5",
      "resolved": "https://registry.npmjs.org/@root/greenlock/-/greenlock-4.0.5.tgz",
      "integrity": "sha512-KR9w3mYE9aH33FCibI8oSYBQV+f7lc3MVPdZ9nxY2tqRLmJp05cMOMz340mtG14VnWDuznLj4TbBj3sHIuoQPQ==",
      "requires": {
        "@greenlock/manager": "^3.1.0",
        "@root/acme": "^3.1.0",
        "@root/csr": "^0.8.1",
        "@root/keypairs": "^0.10.0",
        "@root/mkdirp": "^1.0.0",
        "@root/request": "^1.6.1",
        "acme-http-01-standalone": "^3.0.5",
        "cert-info": "^1.5.1",
        "greenlock-store-fs": "^3.2.2",
        "safe-replace": "^1.1.0"
      }
    },
    "@root/greenlock-express": {
      "version": "4.0.4",
      "resolved": "https://registry.npmjs.org/@root/greenlock-express/-/greenlock-express-4.0.4.tgz",
      "integrity": "sha512-a0/9tHNQwt5Uyod7Mp59lo5UwrjdpOaRgaw8oKvDopVvrjsk1Urdhz9MoLh5p4APt7KhAI/hMFSG4gvczgSwaA==",
      "requires": {
        "@root/greenlock": "^4.0.5",
        "redirect-https": "^1.3.1"
      }
    },
    "@root/keypairs": {
      "version": "0.10.3",
      "resolved": "https://registry.npmjs.org/@root/keypairs/-/keypairs-0.10.3.tgz",
      "integrity": "sha512-hbmjVbk/G99Z1XlUzJM4VOAaR8jm4vMnfwpZL301FA24ubJ/bOjj6enCrz9gKsQvBO6RY4/R4MgUuWpXeqeZZQ==",
      "requires": {
        "@root/encoding": "^1.0.1",
        "@root/pem": "^1.0.4",
        "@root/x509": "^0.7.2"
      }
    },
    "@root/mkdirp": {
      "version": "1.0.0",
      "resolved": "https://registry.npmjs.org/@root/mkdirp/-/mkdirp-1.0.0.tgz",
      "integrity": "sha512-hxGAYUx5029VggfG+U9naAhQkoMSXtOeXtbql97m3Hi6/sQSRL/4khKZPyOF6w11glyCOU38WCNLu9nUcSjOfA=="
    },
    "@root/pem": {
      "version": "1.0.4",
      "resolved": "https://registry.npmjs.org/@root/pem/-/pem-1.0.4.tgz",
      "integrity": "sha512-rEUDiUsHtild8GfIjFE9wXtcVxeS+ehCJQBwbQQ3IVfORKHK93CFnRtkr69R75lZFjcmKYVc+AXDB+AeRFOULA=="
    },
    "@root/request": {
      "version": "1.8.3",
      "resolved": "https://registry.npmjs.org/@root/request/-/request-1.8.3.tgz",
      "integrity": "sha512-PTsMwobbR5s4ZmzMcRaMUbDoNExgUyNIBSokapMti1TdIDmjN3SWx1o/X1d+8cHxiHjO84xUWuyjL/ynnkgyuQ=="
    },
    "@root/x509": {
      "version": "0.7.2",
      "resolved": "https://registry.npmjs.org/@root/x509/-/x509-0.7.2.tgz",
      "integrity": "sha512-ENq3LGYORK5NiMFHEVeNMt+fTXaC7DTS6sQXoqV+dFdfT0vmiL5cDLjaXQhaklJQq0NiwicZegzJRl1ZOTp3WQ==",
      "requires": {
        "@root/asn1": "^1.0.0",
        "@root/encoding": "^1.0.1"
      }
    },
    "@types/prop-types": {
      "version": "15.7.5",
      "resolved": "https://registry.npmjs.org/@types/prop-types/-/prop-types-15.7.5.tgz",
      "integrity": "sha512-JCB8C6SnDoQf0cNycqd/35A7MjcnK+ZTqE7judS6o7utxUCg6imJg3QK2qzHKszlTjcj2cn+NwMB2i96ubpj7w==",
      "dev": true
    },
    "@types/react": {
      "version": "18.0.15",
      "resolved": "https://registry.npmjs.org/@types/react/-/react-18.0.15.tgz",
      "integrity": "sha512-iz3BtLuIYH1uWdsv6wXYdhozhqj20oD4/Hk2DNXIn1kFsmp9x8d9QB6FnPhfkbhd2PgEONt9Q1x/ebkwjfFLow==",
      "dev": true,
      "requires": {
        "@types/prop-types": "*",
        "@types/scheduler": "*",
        "csstype": "^3.0.2"
      }
    },
    "@types/react-dom": {
      "version": "18.0.6",
      "resolved": "https://registry.npmjs.org/@types/react-dom/-/react-dom-18.0.6.tgz",
      "integrity": "sha512-/5OFZgfIPSwy+YuIBP/FgJnQnsxhZhjjrnxudMddeblOouIodEQ75X14Rr4wGSG/bknL+Omy9iWlLo1u/9GzAA==",
      "dev": true,
      "requires": {
        "@types/react": "*"
      }
    },
    "@types/scheduler": {
      "version": "0.16.2",
      "resolved": "https://registry.npmjs.org/@types/scheduler/-/scheduler-0.16.2.tgz",
      "integrity": "sha512-hppQEBDmlwhFAXKJX2KnWLYu5yMfi91yazPb2l+lbJiwW+wdo1gNeRA+3RgNSO39WYX2euey41KEwnqesU2Jew==",
      "dev": true
    },
    "@types/tough-cookie": {
      "version": "4.0.2",
      "resolved": "https://registry.npmjs.org/@types/tough-cookie/-/tough-cookie-4.0.2.tgz",
      "integrity": "sha512-Q5vtl1W5ue16D+nIaW8JWebSSraJVlK+EthKn7e7UcD4KWsaSJ8BqGPXNaPghgtcn/fhvrN17Tv8ksUsQpiplw=="
    },
    "abbrev": {
      "version": "1.1.1",
      "resolved": "https://registry.npmjs.org/abbrev/-/abbrev-1.1.1.tgz",
      "integrity": "sha512-nne9/IiQ/hzIhY6pdDnbBtz7DjPTKrY00P/zvPSm5pOFkl6xuGrGnXn/VtTNNfNtAfZ9/1RtehkszU9qcTii0Q==",
      "dev": true
    },
    "acme-http-01-standalone": {
      "version": "3.0.5",
      "resolved": "https://registry.npmjs.org/acme-http-01-standalone/-/acme-http-01-standalone-3.0.5.tgz",
      "integrity": "sha512-W4GfK+39GZ+u0mvxRVUcVFCG6gposfzEnSBF20T/NUwWAKG59wQT1dUbS1NixRIAsRuhpGc4Jx659cErFQH0Pg=="
    },
    "ansi-styles": {
      "version": "4.3.0",
      "resolved": "https://registry.npmjs.org/ansi-styles/-/ansi-styles-4.3.0.tgz",
      "integrity": "sha512-zbB9rCJAT1rbjiVDb2hqKFHNYLxgtk8NURxZ3IZwD3F6NtxbXZQCnnSi1Lkx+IDohdPlFp222wVALIheZJQSEg==",
      "requires": {
        "color-convert": "^2.0.1"
      }
    },
    "anymatch": {
      "version": "3.1.2",
      "resolved": "https://registry.npmjs.org/anymatch/-/anymatch-3.1.2.tgz",
      "integrity": "sha512-P43ePfOAIupkguHUycrc4qJ9kz8ZiuOUijaETwX7THt0Y/GNK7v0aa8rY816xWjZ7rJdA5XdMcpVFTKMq+RvWg==",
      "dev": true,
      "requires": {
        "normalize-path": "^3.0.0",
        "picomatch": "^2.0.4"
      }
    },
    "async": {
      "version": "3.2.4",
      "resolved": "https://registry.npmjs.org/async/-/async-3.2.4.tgz",
      "integrity": "sha512-iAB+JbDEGXhyIUavoDl9WP/Jj106Kz9DEn1DPgYw5ruDn0e3Wgi3sKFm55sASdGBNOQB8F59d9qQ7deqrHA8wQ=="
    },
    "axios": {
      "version": "0.26.1",
      "resolved": "https://registry.npmjs.org/axios/-/axios-0.26.1.tgz",
      "integrity": "sha512-fPwcX4EvnSHuInCMItEhAGnaSEXRBjtzh9fOtsE6E1G6p7vl7edEeZe11QHf18+6+9gR5PbKV/sGKNaD8YaMeA==",
      "requires": {
        "follow-redirects": "^1.14.8"
      }
    },
    "axios-cookiejar-support": {
      "version": "1.0.1",
      "resolved": "https://registry.npmjs.org/axios-cookiejar-support/-/axios-cookiejar-support-1.0.1.tgz",
      "integrity": "sha512-IZJxnAJ99XxiLqNeMOqrPbfR7fRyIfaoSLdPUf4AMQEGkH8URs0ghJK/xtqBsD+KsSr3pKl4DEQjCn834pHMig==",
      "requires": {
        "is-redirect": "^1.0.0",
        "pify": "^5.0.0"
      }
    },
    "balanced-match": {
      "version": "1.0.2",
      "resolved": "https://registry.npmjs.org/balanced-match/-/balanced-match-1.0.2.tgz",
      "integrity": "sha512-3oSeUO0TMV67hN1AmbXsK4yaqU7tjiHlbxRDZOpH0KW9+CeX4bRAaX0Anxt0tx2MrpRpWwQaPwIlISEJhYU5Pw=="
    },
    "binary-extensions": {
      "version": "2.2.0",
      "resolved": "https://registry.npmjs.org/binary-extensions/-/binary-extensions-2.2.0.tgz",
      "integrity": "sha512-jDctJ/IVQbZoJykoeHbhXpOlNBqGNcwXJKJog42E5HDPUwQTSdjCHdihjj0DlnheQ7blbT6dHOafNAiS8ooQKA==",
      "dev": true
    },
    "brace-expansion": {
      "version": "1.1.11",
      "resolved": "https://registry.npmjs.org/brace-expansion/-/brace-expansion-1.1.11.tgz",
      "integrity": "sha512-iCuPHDFgrHX7H2vEI/5xpz07zSHB00TpugqhmYtVmMO6518mCuRMoOYFldEBl0g187ufozdaHgWKcYFb61qGiA==",
      "requires": {
        "balanced-match": "^1.0.0",
        "concat-map": "0.0.1"
      }
    },
    "braces": {
      "version": "3.0.2",
      "resolved": "https://registry.npmjs.org/braces/-/braces-3.0.2.tgz",
      "integrity": "sha512-b8um+L1RzM3WDSzvhm6gIz1yfTbBt6YTlcEKAvsmqCZZFw46z626lVj9j1yEPW33H5H+lBQpZMP1k8l+78Ha0A==",
      "dev": true,
      "requires": {
        "fill-range": "^7.0.1"
      }
    },
    "call-bind": {
      "version": "1.0.2",
      "resolved": "https://registry.npmjs.org/call-bind/-/call-bind-1.0.2.tgz",
      "integrity": "sha512-7O+FbCihrB5WGbFYesctwmTKae6rOiIzmz1icreWJ+0aA7LJfuqhEso2T9ncpcFtzMQtzXf2QGGueWJGTYsqrA==",
      "requires": {
        "function-bind": "^1.1.1",
        "get-intrinsic": "^1.0.2"
      }
    },
    "cert-info": {
      "version": "1.5.1",
      "resolved": "https://registry.npmjs.org/cert-info/-/cert-info-1.5.1.tgz",
      "integrity": "sha512-eoQC/yAgW3gKTKxjzyClvi+UzuY97YCjcl+lSqbsGIy7HeGaWxCPOQFivhUYm27hgsBMhsJJFya3kGvK6PMIcQ=="
    },
    "chalk": {
      "version": "4.1.2",
      "resolved": "https://registry.npmjs.org/chalk/-/chalk-4.1.2.tgz",
      "integrity": "sha512-oKnbhFyRIXpUuez8iBMmyEa4nbj4IOQyuhc/wy9kY7/WVPcwIO9VA668Pu8RkO7+0G76SLROeyw9CpQ061i4mA==",
      "requires": {
        "ansi-styles": "^4.1.0",
        "supports-color": "^7.1.0"
      },
      "dependencies": {
        "has-flag": {
          "version": "4.0.0",
          "resolved": "https://registry.npmjs.org/has-flag/-/has-flag-4.0.0.tgz",
          "integrity": "sha512-EykJT/Q1KjTWctppgIAgfSO0tKVuZUjhgMr17kqTumMl6Afv3EISleU7qZUzoXDFTAHTDC4NOoG/ZxU3EvlMPQ=="
        },
        "supports-color": {
          "version": "7.2.0",
          "resolved": "https://registry.npmjs.org/supports-color/-/supports-color-7.2.0.tgz",
          "integrity": "sha512-qpCAvRl9stuOHveKsn7HncJRvv501qIacKzQlO/+Lwxc9+0q2wLyv4Dfvt80/DPn2pqOBsJdDiogXGR9+OvwRw==",
          "requires": {
            "has-flag": "^4.0.0"
          }
        }
      }
    },
    "chokidar": {
      "version": "3.5.3",
      "resolved": "https://registry.npmjs.org/chokidar/-/chokidar-3.5.3.tgz",
      "integrity": "sha512-Dr3sfKRP6oTcjf2JmUmFJfeVMvXBdegxB0iVQ5eb2V10uFJUCAS8OByZdVAyVb8xXNz3GjjTgj9kLWsZTqE6kw==",
      "dev": true,
      "requires": {
        "anymatch": "~3.1.2",
        "braces": "~3.0.2",
        "fsevents": "~2.3.2",
        "glob-parent": "~5.1.2",
        "is-binary-path": "~2.1.0",
        "is-glob": "~4.0.1",
        "normalize-path": "~3.0.0",
        "readdirp": "~3.6.0"
      }
    },
    "cluster-key-slot": {
      "version": "1.1.0",
      "resolved": "https://registry.npmjs.org/cluster-key-slot/-/cluster-key-slot-1.1.0.tgz",
      "integrity": "sha512-2Nii8p3RwAPiFwsnZvukotvow2rIHM+yQ6ZcBXGHdniadkYGZYiGmkHJIbZPIV9nfv7m/U1IPMVVcAhoWFeklw=="
    },
    "color-convert": {
      "version": "2.0.1",
      "resolved": "https://registry.npmjs.org/color-convert/-/color-convert-2.0.1.tgz",
      "integrity": "sha512-RRECPsj7iu/xb5oKYcsFHSppFNnsj/52OVTRKb4zP5onXwVF3zVmmToNcOfGC+CRDpfK/U584fMg38ZHCaElKQ==",
      "requires": {
        "color-name": "~1.1.4"
      }
    },
    "color-name": {
      "version": "1.1.4",
      "resolved": "https://registry.npmjs.org/color-name/-/color-name-1.1.4.tgz",
      "integrity": "sha512-dOy+3AuW3a2wNbZHIuMZpTcgjGuLU/uBL/ubcZF9OXbDo8ff4O8yVp5Bf0efS8uEoYo5q4Fx7dY9OgQGXgAsQA=="
    },
    "compare-versions": {
      "version": "4.1.3",
      "resolved": "https://registry.npmjs.org/compare-versions/-/compare-versions-4.1.3.tgz",
      "integrity": "sha512-WQfnbDcrYnGr55UwbxKiQKASnTtNnaAWVi8jZyy8NTpVAXWACSne8lMD1iaIo9AiU6mnuLvSVshCzewVuWxHUg=="
    },
    "concat-map": {
      "version": "0.0.1",
      "resolved": "https://registry.npmjs.org/concat-map/-/concat-map-0.0.1.tgz",
      "integrity": "sha512-/Srv4dswyQNBfohGpz9o6Yb3Gz3SrUDqBH5rTuhGR7ahtlbYKnVxw2bCFMRljaA7EXHaXZ8wsHdodFvbkhKmqg=="
    },
    "csstype": {
      "version": "3.1.0",
      "resolved": "https://registry.npmjs.org/csstype/-/csstype-3.1.0.tgz",
      "integrity": "sha512-uX1KG+x9h5hIJsaKR9xHUeUraxf8IODOwq9JLNPq6BwB04a/xgpq3rcx47l5BZu5zBPlgD342tdke3Hom/nJRA==",
      "dev": true
    },
    "debug": {
      "version": "3.2.7",
      "resolved": "https://registry.npmjs.org/debug/-/debug-3.2.7.tgz",
      "integrity": "sha512-CFjzYYAi4ThfiQvizrFQevTTXHtnCqWfe7x1AhgEscTz6ZbLbfoLRLPugTQyBth6f8ZERVUSyWHFD/7Wu4t1XQ==",
      "dev": true,
      "requires": {
        "ms": "^2.1.1"
      }
    },
    "decode-uri-component": {
      "version": "0.2.0",
      "resolved": "https://registry.npmjs.org/decode-uri-component/-/decode-uri-component-0.2.0.tgz",
      "integrity": "sha512-hjf+xovcEn31w/EUYdTXQh/8smFL/dzYjohQGEIgjyNavaJfBY2p5F527Bo1VPATxv0VYTUC2bOcXvqFwk78Og=="
    },
    "deep-object-diff": {
      "version": "1.1.7",
      "resolved": "https://registry.npmjs.org/deep-object-diff/-/deep-object-diff-1.1.7.tgz",
      "integrity": "sha512-QkgBca0mL08P6HiOjoqvmm6xOAl2W6CT2+34Ljhg0OeFan8cwlcdq8jrLKsBBuUFAZLsN5b6y491KdKEoSo9lg=="
    },
    "denque": {
      "version": "2.1.0",
      "resolved": "https://registry.npmjs.org/denque/-/denque-2.1.0.tgz",
      "integrity": "sha512-HVQE3AAb/pxF8fQAoiqpvg9i3evqug3hoiwakOyZAwJm+6vZehbkYXZ0l4JxS+I3QxM97v5aaRNhj8v5oBhekw=="
    },
    "dotenv": {
      "version": "16.0.1",
      "resolved": "https://registry.npmjs.org/dotenv/-/dotenv-16.0.1.tgz",
      "integrity": "sha512-1K6hR6wtk2FviQ4kEiSjFiH5rpzEVi8WW0x96aztHVMhEspNpc4DVOUTEHtEva5VThQ8IaBX1Pe4gSzpVVUsKQ==",
      "dev": true
    },
    "ejs": {
      "version": "3.1.8",
      "resolved": "https://registry.npmjs.org/ejs/-/ejs-3.1.8.tgz",
      "integrity": "sha512-/sXZeMlhS0ArkfX2Aw780gJzXSMPnKjtspYZv+f3NiKLlubezAHDU5+9xz6gd3/NhG3txQCo6xlglmTS+oTGEQ==",
      "requires": {
        "jake": "^10.8.5"
      }
    },
    "esbuild": {
      "version": "0.14.49",
      "resolved": "https://registry.npmjs.org/esbuild/-/esbuild-0.14.49.tgz",
      "integrity": "sha512-/TlVHhOaq7Yz8N1OJrjqM3Auzo5wjvHFLk+T8pIue+fhnhIMpfAzsG6PLVMbFveVxqD2WOp3QHei+52IMUNmCw==",
      "dev": true,
      "requires": {
        "esbuild-android-64": "0.14.49",
        "esbuild-android-arm64": "0.14.49",
        "esbuild-darwin-64": "0.14.49",
        "esbuild-darwin-arm64": "0.14.49",
        "esbuild-freebsd-64": "0.14.49",
        "esbuild-freebsd-arm64": "0.14.49",
        "esbuild-linux-32": "0.14.49",
        "esbuild-linux-64": "0.14.49",
        "esbuild-linux-arm": "0.14.49",
        "esbuild-linux-arm64": "0.14.49",
        "esbuild-linux-mips64le": "0.14.49",
        "esbuild-linux-ppc64le": "0.14.49",
        "esbuild-linux-riscv64": "0.14.49",
        "esbuild-linux-s390x": "0.14.49",
        "esbuild-netbsd-64": "0.14.49",
        "esbuild-openbsd-64": "0.14.49",
        "esbuild-sunos-64": "0.14.49",
        "esbuild-windows-32": "0.14.49",
        "esbuild-windows-64": "0.14.49",
        "esbuild-windows-arm64": "0.14.49"
      }
    },
    "esbuild-android-64": {
      "version": "0.14.49",
      "resolved": "https://registry.npmjs.org/esbuild-android-64/-/esbuild-android-64-0.14.49.tgz",
      "integrity": "sha512-vYsdOTD+yi+kquhBiFWl3tyxnj2qZJsl4tAqwhT90ktUdnyTizgle7TjNx6Ar1bN7wcwWqZ9QInfdk2WVagSww==",
      "dev": true,
      "optional": true
    },
    "esbuild-android-arm64": {
      "version": "0.14.49",
      "resolved": "https://registry.npmjs.org/esbuild-android-arm64/-/esbuild-android-arm64-0.14.49.tgz",
      "integrity": "sha512-g2HGr/hjOXCgSsvQZ1nK4nW/ei8JUx04Li74qub9qWrStlysaVmadRyTVuW32FGIpLQyc5sUjjZopj49eGGM2g==",
      "dev": true,
      "optional": true
    },
    "esbuild-darwin-64": {
      "version": "0.14.49",
      "resolved": "https://registry.npmjs.org/esbuild-darwin-64/-/esbuild-darwin-64-0.14.49.tgz",
      "integrity": "sha512-3rvqnBCtX9ywso5fCHixt2GBCUsogNp9DjGmvbBohh31Ces34BVzFltMSxJpacNki96+WIcX5s/vum+ckXiLYg==",
      "dev": true,
      "optional": true
    },
    "esbuild-darwin-arm64": {
      "version": "0.14.49",
      "resolved": "https://registry.npmjs.org/esbuild-darwin-arm64/-/esbuild-darwin-arm64-0.14.49.tgz",
      "integrity": "sha512-XMaqDxO846srnGlUSJnwbijV29MTKUATmOLyQSfswbK/2X5Uv28M9tTLUJcKKxzoo9lnkYPsx2o8EJcTYwCs/A==",
      "dev": true,
      "optional": true
    },
    "esbuild-freebsd-64": {
      "version": "0.14.49",
      "resolved": "https://registry.npmjs.org/esbuild-freebsd-64/-/esbuild-freebsd-64-0.14.49.tgz",
      "integrity": "sha512-NJ5Q6AjV879mOHFri+5lZLTp5XsO2hQ+KSJYLbfY9DgCu8s6/Zl2prWXVANYTeCDLlrIlNNYw8y34xqyLDKOmQ==",
      "dev": true,
      "optional": true
    },
    "esbuild-freebsd-arm64": {
      "version": "0.14.49",
      "resolved": "https://registry.npmjs.org/esbuild-freebsd-arm64/-/esbuild-freebsd-arm64-0.14.49.tgz",
      "integrity": "sha512-lFLtgXnAc3eXYqj5koPlBZvEbBSOSUbWO3gyY/0+4lBdRqELyz4bAuamHvmvHW5swJYL7kngzIZw6kdu25KGOA==",
      "dev": true,
      "optional": true
    },
    "esbuild-linux-32": {
      "version": "0.14.49",
      "resolved": "https://registry.npmjs.org/esbuild-linux-32/-/esbuild-linux-32-0.14.49.tgz",
      "integrity": "sha512-zTTH4gr2Kb8u4QcOpTDVn7Z8q7QEIvFl/+vHrI3cF6XOJS7iEI1FWslTo3uofB2+mn6sIJEQD9PrNZKoAAMDiA==",
      "dev": true,
      "optional": true
    },
    "esbuild-linux-64": {
      "version": "0.14.49",
      "resolved": "https://registry.npmjs.org/esbuild-linux-64/-/esbuild-linux-64-0.14.49.tgz",
      "integrity": "sha512-hYmzRIDzFfLrB5c1SknkxzM8LdEUOusp6M2TnuQZJLRtxTgyPnZZVtyMeCLki0wKgYPXkFsAVhi8vzo2mBNeTg==",
      "dev": true,
      "optional": true
    },
    "esbuild-linux-arm": {
      "version": "0.14.49",
      "resolved": "https://registry.npmjs.org/esbuild-linux-arm/-/esbuild-linux-arm-0.14.49.tgz",
      "integrity": "sha512-iE3e+ZVv1Qz1Sy0gifIsarJMQ89Rpm9mtLSRtG3AH0FPgAzQ5Z5oU6vYzhc/3gSPi2UxdCOfRhw2onXuFw/0lg==",
      "dev": true,
      "optional": true
    },
    "esbuild-linux-arm64": {
      "version": "0.14.49",
      "resolved": "https://registry.npmjs.org/esbuild-linux-arm64/-/esbuild-linux-arm64-0.14.49.tgz",
      "integrity": "sha512-KLQ+WpeuY+7bxukxLz5VgkAAVQxUv67Ft4DmHIPIW+2w3ObBPQhqNoeQUHxopoW/aiOn3m99NSmSV+bs4BSsdA==",
      "dev": true,
      "optional": true
    },
    "esbuild-linux-mips64le": {
      "version": "0.14.49",
      "resolved": "https://registry.npmjs.org/esbuild-linux-mips64le/-/esbuild-linux-mips64le-0.14.49.tgz",
      "integrity": "sha512-n+rGODfm8RSum5pFIqFQVQpYBw+AztL8s6o9kfx7tjfK0yIGF6tm5HlG6aRjodiiKkH2xAiIM+U4xtQVZYU4rA==",
      "dev": true,
      "optional": true
    },
    "esbuild-linux-ppc64le": {
      "version": "0.14.49",
      "resolved": "https://registry.npmjs.org/esbuild-linux-ppc64le/-/esbuild-linux-ppc64le-0.14.49.tgz",
      "integrity": "sha512-WP9zR4HX6iCBmMFH+XHHng2LmdoIeUmBpL4aL2TR8ruzXyT4dWrJ5BSbT8iNo6THN8lod6GOmYDLq/dgZLalGw==",
      "dev": true,
      "optional": true
    },
    "esbuild-linux-riscv64": {
      "version": "0.14.49",
      "resolved": "https://registry.npmjs.org/esbuild-linux-riscv64/-/esbuild-linux-riscv64-0.14.49.tgz",
      "integrity": "sha512-h66ORBz+Dg+1KgLvzTVQEA1LX4XBd1SK0Fgbhhw4akpG/YkN8pS6OzYI/7SGENiN6ao5hETRDSkVcvU9NRtkMQ==",
      "dev": true,
      "optional": true
    },
    "esbuild-linux-s390x": {
      "version": "0.14.49",
      "resolved": "https://registry.npmjs.org/esbuild-linux-s390x/-/esbuild-linux-s390x-0.14.49.tgz",
      "integrity": "sha512-DhrUoFVWD+XmKO1y7e4kNCqQHPs6twz6VV6Uezl/XHYGzM60rBewBF5jlZjG0nCk5W/Xy6y1xWeopkrhFFM0sQ==",
      "dev": true,
      "optional": true
    },
    "esbuild-netbsd-64": {
      "version": "0.14.49",
      "resolved": "https://registry.npmjs.org/esbuild-netbsd-64/-/esbuild-netbsd-64-0.14.49.tgz",
      "integrity": "sha512-BXaUwFOfCy2T+hABtiPUIpWjAeWK9P8O41gR4Pg73hpzoygVGnj0nI3YK4SJhe52ELgtdgWP/ckIkbn2XaTxjQ==",
      "dev": true,
      "optional": true
    },
    "esbuild-openbsd-64": {
      "version": "0.14.49",
      "resolved": "https://registry.npmjs.org/esbuild-openbsd-64/-/esbuild-openbsd-64-0.14.49.tgz",
      "integrity": "sha512-lP06UQeLDGmVPw9Rg437Btu6J9/BmyhdoefnQ4gDEJTtJvKtQaUcOQrhjTq455ouZN4EHFH1h28WOJVANK41kA==",
      "dev": true,
      "optional": true
    },
    "esbuild-sunos-64": {
      "version": "0.14.49",
      "resolved": "https://registry.npmjs.org/esbuild-sunos-64/-/esbuild-sunos-64-0.14.49.tgz",
      "integrity": "sha512-4c8Zowp+V3zIWje329BeLbGh6XI9c/rqARNaj5yPHdC61pHI9UNdDxT3rePPJeWcEZVKjkiAS6AP6kiITp7FSw==",
      "dev": true,
      "optional": true
    },
    "esbuild-windows-32": {
      "version": "0.14.49",
      "resolved": "https://registry.npmjs.org/esbuild-windows-32/-/esbuild-windows-32-0.14.49.tgz",
      "integrity": "sha512-q7Rb+J9yHTeKr9QTPDYkqfkEj8/kcKz9lOabDuvEXpXuIcosWCJgo5Z7h/L4r7rbtTH4a8U2FGKb6s1eeOHmJA==",
      "dev": true,
      "optional": true
    },
    "esbuild-windows-64": {
      "version": "0.14.49",
      "resolved": "https://registry.npmjs.org/esbuild-windows-64/-/esbuild-windows-64-0.14.49.tgz",
      "integrity": "sha512-+Cme7Ongv0UIUTniPqfTX6mJ8Deo7VXw9xN0yJEN1lQMHDppTNmKwAM3oGbD/Vqff+07K2gN0WfNkMohmG+dVw==",
      "dev": true,
      "optional": true
    },
    "esbuild-windows-arm64": {
      "version": "0.14.49",
      "resolved": "https://registry.npmjs.org/esbuild-windows-arm64/-/esbuild-windows-arm64-0.14.49.tgz",
      "integrity": "sha512-v+HYNAXzuANrCbbLFJ5nmO3m5y2PGZWLe3uloAkLt87aXiO2mZr3BTmacZdjwNkNEHuH3bNtN8cak+mzVjVPfA==",
      "dev": true,
      "optional": true
    },
    "escape-html": {
      "version": "1.0.3",
      "resolved": "https://registry.npmjs.org/escape-html/-/escape-html-1.0.3.tgz",
      "integrity": "sha512-NiSupZ4OeuGwr68lGIeym/ksIZMJodUGOSCZ/FSnTxcrekbvqrgdUxlJOMpijaKZVjAJrWrGs/6Jy8OMuyj9ow=="
    },
    "filelist": {
      "version": "1.0.4",
      "resolved": "https://registry.npmjs.org/filelist/-/filelist-1.0.4.tgz",
      "integrity": "sha512-w1cEuf3S+DrLCQL7ET6kz+gmlJdbq9J7yXCSjK/OZCPA+qEN1WyF4ZAf0YYJa4/shHJra2t/d/r8SV4Ji+x+8Q==",
      "requires": {
        "minimatch": "^5.0.1"
      },
      "dependencies": {
        "brace-expansion": {
          "version": "2.0.1",
          "resolved": "https://registry.npmjs.org/brace-expansion/-/brace-expansion-2.0.1.tgz",
          "integrity": "sha512-XnAIvQ8eM+kC6aULx6wuQiwVsnzsi9d3WxzV3FpWTGA19F621kwdbsAcFKXgKUHZWsy+mY6iL1sHTxWEFCytDA==",
          "requires": {
            "balanced-match": "^1.0.0"
          }
        },
        "minimatch": {
          "version": "5.1.0",
          "resolved": "https://registry.npmjs.org/minimatch/-/minimatch-5.1.0.tgz",
          "integrity": "sha512-9TPBGGak4nHfGZsPBohm9AWg6NoT7QTCehS3BIJABslyZbzxfV78QM2Y6+i741OPZIafFAaiiEMh5OyIrJPgtg==",
          "requires": {
            "brace-expansion": "^2.0.1"
          }
        }
      }
    },
    "fill-range": {
      "version": "7.0.1",
      "resolved": "https://registry.npmjs.org/fill-range/-/fill-range-7.0.1.tgz",
      "integrity": "sha512-qOo9F+dMUmC2Lcb4BbVvnKJxTPjCm+RRpe4gDuGrzkL7mEVl/djYSu2OdQ2Pa302N4oqkSg9ir6jaLWJ2USVpQ==",
      "dev": true,
      "requires": {
        "to-regex-range": "^5.0.1"
      }
    },
    "filter-obj": {
      "version": "1.1.0",
      "resolved": "https://registry.npmjs.org/filter-obj/-/filter-obj-1.1.0.tgz",
      "integrity": "sha512-8rXg1ZnX7xzy2NGDVkBVaAy+lSlPNwad13BtgSlLuxfIslyt5Vg64U7tFcCt4WS1R0hvtnQybT/IyCkGZ3DpXQ=="
    },
    "follow-redirects": {
      "version": "1.15.1",
      "resolved": "https://registry.npmjs.org/follow-redirects/-/follow-redirects-1.15.1.tgz",
      "integrity": "sha512-yLAMQs+k0b2m7cVxpS1VKJVvoz7SS9Td1zss3XRwXj+ZDH00RJgnuLx7E44wx02kQLrdM3aOOy+FpzS7+8OizA=="
    },
    "fsevents": {
      "version": "2.3.2",
      "resolved": "https://registry.npmjs.org/fsevents/-/fsevents-2.3.2.tgz",
      "integrity": "sha512-xiqMQR4xAeHTuB9uWm+fFRcIOgKBMiOBP+eXiyT7jsgVCq1bkVygt00oASowB7EdtpOHaaPgKt812P9ab+DDKA==",
      "dev": true,
      "optional": true
    },
    "function-bind": {
      "version": "1.1.1",
      "resolved": "https://registry.npmjs.org/function-bind/-/function-bind-1.1.1.tgz",
      "integrity": "sha512-yIovAzMX49sF8Yl58fSCWJ5svSLuaibPxXQJFLmBObTuCr0Mf1KiPopGM9NiFjiYBCbfaa2Fh6breQ6ANVTI0A=="
    },
    "get-intrinsic": {
      "version": "1.1.2",
      "resolved": "https://registry.npmjs.org/get-intrinsic/-/get-intrinsic-1.1.2.tgz",
      "integrity": "sha512-Jfm3OyCxHh9DJyc28qGk+JmfkpO41A4XkneDSujN9MDXrm4oDKdHvndhZ2dN94+ERNfkYJWDclW6k2L/ZGHjXA==",
      "requires": {
        "function-bind": "^1.1.1",
        "has": "^1.0.3",
        "has-symbols": "^1.0.3"
      }
    },
    "glob-parent": {
      "version": "5.1.2",
      "resolved": "https://registry.npmjs.org/glob-parent/-/glob-parent-5.1.2.tgz",
      "integrity": "sha512-AOIgSQCepiJYwP3ARnGx+5VnTu2HBYdzbGP45eLw1vr3zB3vZLeyed1sC9hnbcOc9/SrMyM5RPQrkGz4aS9Zow==",
      "dev": true,
      "requires": {
        "is-glob": "^4.0.1"
      }
    },
    "greenlock-express": {
      "version": "4.0.3",
      "resolved": "https://registry.npmjs.org/greenlock-express/-/greenlock-express-4.0.3.tgz",
      "integrity": "sha512-swTCuaLcZWbwRe9gf28AN1VO2PLiAoPB7StVhEFTBqCqqoHgiu0PJqdz3IbnfXB/8Kckx4sZ+B+Re2BvoCHY4A==",
      "requires": {
        "@root/greenlock": "^4.0.4",
        "@root/greenlock-express": "^4.0.3",
        "redirect-https": "^1.1.5"
      }
    },
    "greenlock-manager-fs": {
      "version": "3.1.1",
      "resolved": "https://registry.npmjs.org/greenlock-manager-fs/-/greenlock-manager-fs-3.1.1.tgz",
      "integrity": "sha512-np6qdnPIOZx40PAcSQcqK1eMPWjTKxsxcgRd/OVg0ai49WC1Ds74CTrwmB84pq2n53ikbnDBQFmKEQ4AC0DK8w==",
      "requires": {
        "@root/mkdirp": "^1.0.0",
        "safe-replace": "^1.1.0"
      }
    },
    "greenlock-store-fs": {
      "version": "3.2.2",
      "resolved": "https://registry.npmjs.org/greenlock-store-fs/-/greenlock-store-fs-3.2.2.tgz",
      "integrity": "sha512-92ejLB4DyV4qv/2b6VLGF2nKfYQeIfg3o+e/1cIoYLjlIaUFdbBXkzLTRozFlHsQPZt2ALi5qYrpC9IwH7GK8A==",
      "requires": {
        "@root/mkdirp": "^1.0.0",
        "safe-replace": "^1.1.0"
      }
    },
    "has": {
      "version": "1.0.3",
      "resolved": "https://registry.npmjs.org/has/-/has-1.0.3.tgz",
      "integrity": "sha512-f2dvO0VU6Oej7RkWJGrehjbzMAjFp5/VKPp5tTpWIV4JHHZK1/BxbFRtf/siA2SWTe09caDmVtYYzWEIbBS4zw==",
      "requires": {
        "function-bind": "^1.1.1"
      }
    },
    "has-flag": {
      "version": "3.0.0",
      "resolved": "https://registry.npmjs.org/has-flag/-/has-flag-3.0.0.tgz",
      "integrity": "sha512-sKJf1+ceQBr4SMkvQnBDNDtf4TXpVhVGateu0t918bl30FnbE2m4vNLX+VWe/dpjlb+HugGYzW7uQXH98HPEYw==",
      "dev": true
    },
    "has-symbols": {
      "version": "1.0.3",
      "resolved": "https://registry.npmjs.org/has-symbols/-/has-symbols-1.0.3.tgz",
      "integrity": "sha512-l3LCuF6MgDNwTDKkdYGEihYjt5pRPbEg46rtlmnSPlUbgmB8LOIrKJbYYFBSbnPaJexMKtiPO8hmeRjRz2Td+A=="
    },
    "history": {
      "version": "5.3.0",
      "resolved": "https://registry.npmjs.org/history/-/history-5.3.0.tgz",
      "integrity": "sha512-ZqaKwjjrAYUYfLG+htGaIIZ4nioX2L70ZUMIFysS3xvBsSG4x/n1V6TXV3N8ZYNuFGlDirFg32T7B6WOUPDYcQ==",
      "requires": {
        "@babel/runtime": "^7.7.6"
      }
    },
    "ignore-by-default": {
      "version": "1.0.1",
      "resolved": "https://registry.npmjs.org/ignore-by-default/-/ignore-by-default-1.0.1.tgz",
      "integrity": "sha512-Ius2VYcGNk7T90CppJqcIkS5ooHUZyIQK+ClZfMfMNFEF9VSE73Fq+906u/CWu92x4gzZMWOwfFYckPObzdEbA==",
      "dev": true
    },
    "ioredis": {
      "version": "5.2.1",
      "resolved": "https://registry.npmjs.org/ioredis/-/ioredis-5.2.1.tgz",
      "integrity": "sha512-+rgPUIawiT+L3am9FbUcwjI7R7KtLDUSJNYWF82NZmlUXCZELws7iJkVDuECQoNUHqZTf/EGn3uw9IA+PlBiyg==",
      "requires": {
        "@ioredis/commands": "^1.1.1",
        "cluster-key-slot": "^1.1.0",
        "debug": "^4.3.4",
        "denque": "^2.0.1",
        "lodash.defaults": "^4.2.0",
        "lodash.isarguments": "^3.1.0",
        "redis-errors": "^1.2.0",
        "redis-parser": "^3.0.0",
        "standard-as-callback": "^2.1.0"
      },
      "dependencies": {
        "debug": {
          "version": "4.3.4",
          "resolved": "https://registry.npmjs.org/debug/-/debug-4.3.4.tgz",
          "integrity": "sha512-PRWFHuSU3eDtQJPvnNY7Jcket1j0t5OuOsFzPPzsekD52Zl8qUfFIPEiswXqIvHWGVHOgX+7G/vCNNhehwxfkQ==",
          "requires": {
            "ms": "2.1.2"
          }
        },
        "ms": {
          "version": "2.1.2",
          "resolved": "https://registry.npmjs.org/ms/-/ms-2.1.2.tgz",
          "integrity": "sha512-sGkPx+VjMtmA6MX27oA4FBFELFCZZ4S4XqeGOXCv68tT+jb3vk/RyaKWP0PTKyWtmLSM0b+adUTEvbs1PEaH2w=="
        }
      }
    },
    "is-binary-path": {
      "version": "2.1.0",
      "resolved": "https://registry.npmjs.org/is-binary-path/-/is-binary-path-2.1.0.tgz",
      "integrity": "sha512-ZMERYes6pDydyuGidse7OsHxtbI7WVeUEozgR/g7rd0xUimYNlvZRE/K2MgZTjWy725IfelLeVcEM97mmtRGXw==",
      "dev": true,
      "requires": {
        "binary-extensions": "^2.0.0"
      }
    },
    "is-extglob": {
      "version": "2.1.1",
      "resolved": "https://registry.npmjs.org/is-extglob/-/is-extglob-2.1.1.tgz",
      "integrity": "sha512-SbKbANkN603Vi4jEZv49LeVJMn4yGwsbzZworEoyEiutsN3nJYdbO36zfhGJ6QEDpOZIFkDtnq5JRxmvl3jsoQ==",
      "dev": true
    },
    "is-glob": {
      "version": "4.0.3",
      "resolved": "https://registry.npmjs.org/is-glob/-/is-glob-4.0.3.tgz",
      "integrity": "sha512-xelSayHH36ZgE7ZWhli7pW34hNbNl8Ojv5KVmkJD4hBdD3th8Tfk9vYasLM+mXWOZhFkgZfxhLSnrwRr4elSSg==",
      "dev": true,
      "requires": {
        "is-extglob": "^2.1.1"
      }
    },
    "is-number": {
      "version": "7.0.0",
      "resolved": "https://registry.npmjs.org/is-number/-/is-number-7.0.0.tgz",
      "integrity": "sha512-41Cifkg6e8TylSpdtTpeLVMqvSBEVzTttHvERD741+pnZ8ANv0004MRL43QKPDlK9cGvNp6NZWZUBlbGXYxxng==",
      "dev": true
    },
    "is-redirect": {
      "version": "1.0.0",
      "resolved": "https://registry.npmjs.org/is-redirect/-/is-redirect-1.0.0.tgz",
      "integrity": "sha512-cr/SlUEe5zOGmzvj9bUyC4LVvkNVAXu4GytXLNMr1pny+a65MpQ9IJzFHD5vi7FyJgb4qt27+eS3TuQnqB+RQw=="
    },
    "jake": {
      "version": "10.8.5",
      "resolved": "https://registry.npmjs.org/jake/-/jake-10.8.5.tgz",
      "integrity": "sha512-sVpxYeuAhWt0OTWITwT98oyV0GsXyMlXCF+3L1SuafBVUIr/uILGRB+NqwkzhgXKvoJpDIpQvqkUALgdmQsQxw==",
      "requires": {
        "async": "^3.2.3",
        "chalk": "^4.0.2",
        "filelist": "^1.0.1",
        "minimatch": "^3.0.4"
      }
    },
    "js-tokens": {
      "version": "4.0.0",
      "resolved": "https://registry.npmjs.org/js-tokens/-/js-tokens-4.0.0.tgz",
      "integrity": "sha512-RdJUflcE3cUzKiMqQgsCu06FPu9UdIJO0beYbPhHN4k6apgJtifcoCtT9bcxOpYBtpD2kCM6Sbzg4CausW/PKQ=="
    },
    "livereload": {
      "version": "0.9.3",
      "resolved": "https://registry.npmjs.org/livereload/-/livereload-0.9.3.tgz",
      "integrity": "sha512-q7Z71n3i4X0R9xthAryBdNGVGAO2R5X+/xXpmKeuPMrteg+W2U8VusTKV3YiJbXZwKsOlFlHe+go6uSNjfxrZw==",
      "dev": true,
      "requires": {
        "chokidar": "^3.5.0",
        "livereload-js": "^3.3.1",
        "opts": ">= 1.2.0",
        "ws": "^7.4.3"
      }
    },
    "livereload-js": {
      "version": "3.4.0",
      "resolved": "https://registry.npmjs.org/livereload-js/-/livereload-js-3.4.0.tgz",
      "integrity": "sha512-F/pz9ZZP+R+arY94cECTZco7PXgBXyL+KVWUPZq8AQE9TOu14GV6fYeKOviv02JCvFa4Oi3Rs1hYEpfeajc+ow==",
      "dev": true
    },
    "lodash.defaults": {
      "version": "4.2.0",
      "resolved": "https://registry.npmjs.org/lodash.defaults/-/lodash.defaults-4.2.0.tgz",
      "integrity": "sha512-qjxPLHd3r5DnsdGacqOMU6pb/avJzdh9tFX2ymgoZE27BmjXrNy/y4LoaiTeAb+O3gL8AfpJGtqfX/ae2leYYQ=="
    },
    "lodash.isarguments": {
      "version": "3.1.0",
      "resolved": "https://registry.npmjs.org/lodash.isarguments/-/lodash.isarguments-3.1.0.tgz",
      "integrity": "sha512-chi4NHZlZqZD18a0imDHnZPrDeBbTtVN7GXMwuGdRH9qotxAjYs3aVLKc7zNOG9eddR5Ksd8rvFEBc9SsggPpg=="
    },
    "loose-envify": {
      "version": "1.4.0",
      "resolved": "https://registry.npmjs.org/loose-envify/-/loose-envify-1.4.0.tgz",
      "integrity": "sha512-lyuxPGr/Wfhrlem2CL/UcnUc1zcqKAImBDzukY7Y5F/yQiNdko6+fRLevlw1HgMySw7f611UIY408EtxRSoK3Q==",
      "requires": {
        "js-tokens": "^3.0.0 || ^4.0.0"
      }
    },
    "lru-cache": {
      "version": "6.0.0",
      "resolved": "https://registry.npmjs.org/lru-cache/-/lru-cache-6.0.0.tgz",
      "integrity": "sha512-Jo6dJ04CmSjuznwJSS3pUeWmd/H0ffTlkXXgwZi+eq1UCmqQwCh+eLsYOYCwY991i2Fah4h1BEMCx4qThGbsiA==",
      "requires": {
        "yallist": "^4.0.0"
      }
    },
    "markdown-to-jsx": {
      "version": "7.1.7",
      "resolved": "https://registry.npmjs.org/markdown-to-jsx/-/markdown-to-jsx-7.1.7.tgz",
      "integrity": "sha512-VI3TyyHlGkO8uFle0IOibzpO1c1iJDcXcS/zBrQrXQQvJ2tpdwVzVZ7XdKsyRz1NdRmre4dqQkMZzUHaKIG/1w=="
    },
    "mime-db": {
      "version": "1.52.0",
      "resolved": "https://registry.npmjs.org/mime-db/-/mime-db-1.52.0.tgz",
      "integrity": "sha512-sPU4uV7dYlvtWJxwwxHD0PuihVNiE7TyAbQ5SWxDCB9mUYvOgroQOwYQQOKPJ8CIbE+1ETVlOoK1UC2nU3gYvg=="
    },
    "mime-types": {
      "version": "2.1.35",
      "resolved": "https://registry.npmjs.org/mime-types/-/mime-types-2.1.35.tgz",
      "integrity": "sha512-ZDY+bPm5zTTF+YpCrAU9nK0UgICYPT0QtT1NZWFv4s++TNkcgVaT0g6+4R2uI4MjQjzysHB1zxuWL50hzaeXiw==",
      "requires": {
        "mime-db": "1.52.0"
      }
    },
    "minimatch": {
      "version": "3.1.2",
      "resolved": "https://registry.npmjs.org/minimatch/-/minimatch-3.1.2.tgz",
      "integrity": "sha512-J7p63hRiAjw1NDEww1W7i37+ByIrOWO5XQQAzZ3VOcL0PNybwpfmV/N05zFAzwQ9USyEcX6t3UO+K5aqBQOIHw==",
      "requires": {
        "brace-expansion": "^1.1.7"
      }
    },
    "ms": {
      "version": "2.1.3",
      "resolved": "https://registry.npmjs.org/ms/-/ms-2.1.3.tgz",
      "integrity": "sha512-6FlzubTLZG3J2a/NVCAleEhjzq5oxgHyaCU9yYXvcLsvoVaHJq/s5xXI6/XXP6tz7R9xAOtHnSO/tXtF3WRTlA==",
      "dev": true
    },
    "nano": {
      "version": "10.0.0",
      "resolved": "https://registry.npmjs.org/nano/-/nano-10.0.0.tgz",
      "integrity": "sha512-evvi6NpUkFlqT1hKxj6YZ2vaQwVWvL1/v/hbqrApDSG0ZE/fSsuzlIxr9pd9JlhkrwI+zw4RDIsitaOYTC94YQ==",
      "requires": {
        "@types/tough-cookie": "^4.0.0",
        "axios": "^0.26.1",
        "axios-cookiejar-support": "^1.0.1",
        "qs": "^6.10.3",
        "tough-cookie": "^4.0.0"
      }
    },
    "nodemon": {
      "version": "2.0.19",
      "resolved": "https://registry.npmjs.org/nodemon/-/nodemon-2.0.19.tgz",
      "integrity": "sha512-4pv1f2bMDj0Eeg/MhGqxrtveeQ5/G/UVe9iO6uTZzjnRluSA4PVWf8CW99LUPwGB3eNIA7zUFoP77YuI7hOc0A==",
      "dev": true,
      "requires": {
        "chokidar": "^3.5.2",
        "debug": "^3.2.7",
        "ignore-by-default": "^1.0.1",
        "minimatch": "^3.0.4",
        "pstree.remy": "^1.1.8",
        "semver": "^5.7.1",
        "simple-update-notifier": "^1.0.7",
        "supports-color": "^5.5.0",
        "touch": "^3.1.0",
        "undefsafe": "^2.0.5"
      },
      "dependencies": {
        "semver": {
          "version": "5.7.1",
          "resolved": "https://registry.npmjs.org/semver/-/semver-5.7.1.tgz",
          "integrity": "sha512-sauaDf/PZdVgrLTNYHRtpXa1iRiKcaebiKQ1BJdpQlWH2lCvexQdX55snPFyK7QzpudqbCI0qXFfOasHdyNDGQ==",
          "dev": true
        }
      }
    },
    "nopt": {
      "version": "1.0.10",
      "resolved": "https://registry.npmjs.org/nopt/-/nopt-1.0.10.tgz",
      "integrity": "sha512-NWmpvLSqUrgrAC9HCuxEvb+PSloHpqVu+FqcO4eeF2h5qYRhA7ev6KvelyQAKtegUbC6RypJnlEOhd8vloNKYg==",
      "dev": true,
      "requires": {
        "abbrev": "1"
      }
    },
    "normalize-path": {
      "version": "3.0.0",
      "resolved": "https://registry.npmjs.org/normalize-path/-/normalize-path-3.0.0.tgz",
      "integrity": "sha512-6eZs5Ls3WtCisHWp9S2GUy8dqkpGi4BVSz3GaqiE6ezub0512ESztXUwUB6C6IKbQkY2Pnb/mD4WYojCRwcwLA==",
      "dev": true
    },
    "object-inspect": {
      "version": "1.12.2",
      "resolved": "https://registry.npmjs.org/object-inspect/-/object-inspect-1.12.2.tgz",
      "integrity": "sha512-z+cPxW0QGUp0mcqcsgQyLVRDoXFQbXOwBaqyF7VIgI4TWNQsDHrBpUQslRmIfAoYWdYzs6UlKJtB2XJpTaNSpQ=="
    },
    "opts": {
      "version": "2.0.2",
      "resolved": "https://registry.npmjs.org/opts/-/opts-2.0.2.tgz",
      "integrity": "sha512-k41FwbcLnlgnFh69f4qdUfvDQ+5vaSDnVPFI/y5XuhKRq97EnVVneO9F1ESVCdiVu4fCS2L8usX3mU331hB7pg==",
      "dev": true
    },
    "picomatch": {
      "version": "2.3.1",
      "resolved": "https://registry.npmjs.org/picomatch/-/picomatch-2.3.1.tgz",
      "integrity": "sha512-JU3teHTNjmE2VCGFzuY8EXzCDVwEqB2a8fsIvwaStHhAWJEeVd1o1QD80CU6+ZdEXXSLbSsuLwJjkCBWqRQUVA==",
      "dev": true
    },
    "pify": {
      "version": "5.0.0",
      "resolved": "https://registry.npmjs.org/pify/-/pify-5.0.0.tgz",
      "integrity": "sha512-eW/gHNMlxdSP6dmG6uJip6FXN0EQBwm2clYYd8Wul42Cwu/DK8HEftzsapcNdYe2MfLiIwZqsDk2RDEsTE79hA=="
    },
    "psl": {
      "version": "1.9.0",
      "resolved": "https://registry.npmjs.org/psl/-/psl-1.9.0.tgz",
      "integrity": "sha512-E/ZsdU4HLs/68gYzgGTkMicWTLPdAftJLfJFlLUAAKZGkStNU72sZjT66SnMDVOfOWY/YAoiD7Jxa9iHvngcag=="
    },
    "pstree.remy": {
      "version": "1.1.8",
      "resolved": "https://registry.npmjs.org/pstree.remy/-/pstree.remy-1.1.8.tgz",
      "integrity": "sha512-77DZwxQmxKnu3aR542U+X8FypNzbfJ+C5XQDk3uWjWxn6151aIMGthWYRXTqT1E5oJvg+ljaa2OJi+VfvCOQ8w==",
      "dev": true
    },
    "punycode": {
      "version": "2.1.1",
      "resolved": "https://registry.npmjs.org/punycode/-/punycode-2.1.1.tgz",
      "integrity": "sha512-XRsRjdf+j5ml+y/6GKHPZbrF/8p2Yga0JPtdqTIY2Xe5ohJPD9saDJJLPvp9+NSBprVvevdXZybnj2cv8OEd0A=="
    },
    "qs": {
      "version": "6.11.0",
      "resolved": "https://registry.npmjs.org/qs/-/qs-6.11.0.tgz",
      "integrity": "sha512-MvjoMCJwEarSbUYk5O+nmoSzSutSsTwF85zcHPQ9OrlFoZOYIjaqBAJIqIXjptyD5vThxGq52Xu/MaJzRkIk4Q==",
      "requires": {
        "side-channel": "^1.0.4"
      }
    },
    "query-string": {
      "version": "7.1.1",
      "resolved": "https://registry.npmjs.org/query-string/-/query-string-7.1.1.tgz",
      "integrity": "sha512-MplouLRDHBZSG9z7fpuAAcI7aAYjDLhtsiVZsevsfaHWDS2IDdORKbSd1kWUA+V4zyva/HZoSfpwnYMMQDhb0w==",
      "requires": {
        "decode-uri-component": "^0.2.0",
        "filter-obj": "^1.1.0",
        "split-on-first": "^1.0.0",
        "strict-uri-encode": "^2.0.0"
      }
    },
    "react": {
      "version": "18.2.0",
      "resolved": "https://registry.npmjs.org/react/-/react-18.2.0.tgz",
      "integrity": "sha512-/3IjMdb2L9QbBdWiW5e3P2/npwMBaU9mHCSCUzNln0ZCYbcfTsGbTJrU/kGemdH2IWmB2ioZ+zkxtmq6g09fGQ==",
      "requires": {
        "loose-envify": "^1.1.0"
      }
    },
    "react-dom": {
      "version": "18.2.0",
      "resolved": "https://registry.npmjs.org/react-dom/-/react-dom-18.2.0.tgz",
      "integrity": "sha512-6IMTriUmvsjHUjNtEDudZfuDQUoWXVxKHhlEGSk81n4YFS+r/Kl99wXiwlVXtPBtJenozv2P+hxDsw9eA7Xo6g==",
      "requires": {
        "loose-envify": "^1.1.0",
        "scheduler": "^0.23.0"
      }
    },
    "react-error-boundary": {
      "version": "3.1.4",
      "resolved": "https://registry.npmjs.org/react-error-boundary/-/react-error-boundary-3.1.4.tgz",
      "integrity": "sha512-uM9uPzZJTF6wRQORmSrvOIgt4lJ9MC1sNgEOj2XGsDTRE4kmpWxg7ENK9EWNKJRMAOY9z0MuF4yIfl6gp4sotA==",
      "requires": {
        "@babel/runtime": "^7.12.5"
      }
    },
    "react-router": {
      "version": "6.3.0",
      "resolved": "https://registry.npmjs.org/react-router/-/react-router-6.3.0.tgz",
      "integrity": "sha512-7Wh1DzVQ+tlFjkeo+ujvjSqSJmkt1+8JO+T5xklPlgrh70y7ogx75ODRW0ThWhY7S+6yEDks8TYrtQe/aoboBQ==",
      "requires": {
        "history": "^5.2.0"
      }
    },
    "react-router-dom": {
      "version": "6.3.0",
      "resolved": "https://registry.npmjs.org/react-router-dom/-/react-router-dom-6.3.0.tgz",
      "integrity": "sha512-uaJj7LKytRxZNQV8+RbzJWnJ8K2nPsOOEuX7aQstlMZKQT0164C+X2w6bnkqU3sjtLvpd5ojrezAyfZ1+0sStw==",
      "requires": {
        "history": "^5.2.0",
        "react-router": "6.3.0"
      }
    },
    "readdirp": {
      "version": "3.6.0",
      "resolved": "https://registry.npmjs.org/readdirp/-/readdirp-3.6.0.tgz",
      "integrity": "sha512-hOS089on8RduqdbhvQ5Z37A0ESjsqz6qnRcffsMU3495FuTdqSm+7bhJ29JvIOsBDEEnan5DPu9t3To9VRlMzA==",
      "dev": true,
      "requires": {
        "picomatch": "^2.2.1"
      }
    },
    "redirect-https": {
      "version": "1.3.1",
      "resolved": "https://registry.npmjs.org/redirect-https/-/redirect-https-1.3.1.tgz",
      "integrity": "sha512-Stex2nI+tMpZXKvy++32TiBXEy+GdpAfp3EUnl5BqCiJ5f5i6XvUSFrs7TR7IoRSlthM7ZtD89uYGTtJBXlFYg==",
      "requires": {
        "escape-html": "^1.0.3"
      }
    },
    "redis-errors": {
      "version": "1.2.0",
      "resolved": "https://registry.npmjs.org/redis-errors/-/redis-errors-1.2.0.tgz",
      "integrity": "sha512-1qny3OExCf0UvUV/5wpYKf2YwPcOqXzkwKKSmKHiE6ZMQs5heeE/c8eXK+PNllPvmjgAbfnsbpkGZWy8cBpn9w=="
    },
    "redis-parser": {
      "version": "3.0.0",
      "resolved": "https://registry.npmjs.org/redis-parser/-/redis-parser-3.0.0.tgz",
      "integrity": "sha512-DJnGAeenTdpMEH6uAJRK/uiyEIH9WVsUmoLwzudwGJUwZPp80PDBWPHXSAGNPwNvIXAbe7MSUB1zQFugFml66A==",
      "requires": {
        "redis-errors": "^1.0.0"
      }
    },
    "regenerator-runtime": {
      "version": "0.13.9",
      "resolved": "https://registry.npmjs.org/regenerator-runtime/-/regenerator-runtime-0.13.9.tgz",
      "integrity": "sha512-p3VT+cOEgxFsRRA9X4lkI1E+k2/CtnKtU4gcxyaCUreilL/vqI6CdZ3wxVUx3UOUg+gnUOQQcRI7BmSI656MYA=="
    },
    "safe-replace": {
      "version": "1.1.0",
      "resolved": "https://registry.npmjs.org/safe-replace/-/safe-replace-1.1.0.tgz",
      "integrity": "sha512-9/V2E0CDsKs9DWOOwJH7jYpSl9S3N05uyevNjvsnDauBqRowBPOyot1fIvV5N2IuZAbYyvrTXrYFVG0RZInfFw=="
    },
    "scheduler": {
      "version": "0.23.0",
      "resolved": "https://registry.npmjs.org/scheduler/-/scheduler-0.23.0.tgz",
      "integrity": "sha512-CtuThmgHNg7zIZWAXi3AsyIzA3n4xx7aNyjwC2VJldO2LMVDhFK+63xGqq6CsJH4rTAt6/M+N4GhZiDYPx9eUw==",
      "requires": {
        "loose-envify": "^1.1.0"
      }
    },
    "semver": {
      "version": "7.3.7",
      "resolved": "https://registry.npmjs.org/semver/-/semver-7.3.7.tgz",
      "integrity": "sha512-QlYTucUYOews+WeEujDoEGziz4K6c47V/Bd+LjSSYcA94p+DmINdf7ncaUinThfvZyu13lN9OY1XDxt8C0Tw0g==",
      "requires": {
        "lru-cache": "^6.0.0"
      }
    },
    "side-channel": {
      "version": "1.0.4",
      "resolved": "https://registry.npmjs.org/side-channel/-/side-channel-1.0.4.tgz",
      "integrity": "sha512-q5XPytqFEIKHkGdiMIrY10mvLRvnQh42/+GoBlFW3b2LXLE2xxJpZFdm94we0BaoV3RwJyGqg5wS7epxTv0Zvw==",
      "requires": {
        "call-bind": "^1.0.0",
        "get-intrinsic": "^1.0.2",
        "object-inspect": "^1.9.0"
      }
    },
    "simple-update-notifier": {
      "version": "1.0.7",
      "resolved": "https://registry.npmjs.org/simple-update-notifier/-/simple-update-notifier-1.0.7.tgz",
      "integrity": "sha512-BBKgR84BJQJm6WjWFMHgLVuo61FBDSj1z/xSFUIozqO6wO7ii0JxCqlIud7Enr/+LhlbNI0whErq96P2qHNWew==",
      "dev": true,
      "requires": {
        "semver": "~7.0.0"
      },
      "dependencies": {
        "semver": {
          "version": "7.0.0",
          "resolved": "https://registry.npmjs.org/semver/-/semver-7.0.0.tgz",
          "integrity": "sha512-+GB6zVA9LWh6zovYQLALHwv5rb2PHGlJi3lfiqIHxR0uuwCgefcOJc59v9fv1w8GbStwxuuqqAjI9NMAOOgq1A==",
          "dev": true
        }
      }
    },
    "split-on-first": {
      "version": "1.1.0",
      "resolved": "https://registry.npmjs.org/split-on-first/-/split-on-first-1.1.0.tgz",
      "integrity": "sha512-43ZssAJaMusuKWL8sKUBQXHWOpq8d6CfN/u1p4gUzfJkM05C8rxTmYrkIPTXapZpORA6LkkzcUulJ8FqA7Uudw=="
    },
    "standard-as-callback": {
      "version": "2.1.0",
      "resolved": "https://registry.npmjs.org/standard-as-callback/-/standard-as-callback-2.1.0.tgz",
      "integrity": "sha512-qoRRSyROncaz1z0mvYqIE4lCd9p2R90i6GxW3uZv5ucSu8tU7B5HXUP1gG8pVZsYNVaXjk8ClXHPttLyxAL48A=="
    },
    "strict-uri-encode": {
      "version": "2.0.0",
      "resolved": "https://registry.npmjs.org/strict-uri-encode/-/strict-uri-encode-2.0.0.tgz",
      "integrity": "sha512-QwiXZgpRcKkhTj2Scnn++4PKtWsH0kpzZ62L2R6c/LUVYv7hVnZqcg2+sMuT6R7Jusu1vviK/MFsu6kNJfWlEQ=="
    },
    "supports-color": {
      "version": "5.5.0",
      "resolved": "https://registry.npmjs.org/supports-color/-/supports-color-5.5.0.tgz",
      "integrity": "sha512-QjVjwdXIt408MIiAqCX4oUKsgU2EqAGzs2Ppkm4aQYbjm+ZEWEcW4SfFNTr4uMNZma0ey4f5lgLrkB0aX0QMow==",
      "dev": true,
      "requires": {
        "has-flag": "^3.0.0"
      }
    },
    "swr": {
      "version": "1.3.0",
      "resolved": "https://registry.npmjs.org/swr/-/swr-1.3.0.tgz",
      "integrity": "sha512-dkghQrOl2ORX9HYrMDtPa7LTVHJjCTeZoB1dqTbnnEDlSvN8JEKpYIYurDfvbQFUUS8Cg8PceFVZNkW0KNNYPw=="
    },
    "to-regex-range": {
      "version": "5.0.1",
      "resolved": "https://registry.npmjs.org/to-regex-range/-/to-regex-range-5.0.1.tgz",
      "integrity": "sha512-65P7iz6X5yEr1cwcgvQxbbIw7Uk3gOy5dIdtZ4rDveLqhrdJP+Li/Hx6tyK0NEb+2GCyneCMJiGqrADCSNk8sQ==",
      "dev": true,
      "requires": {
        "is-number": "^7.0.0"
      }
    },
    "touch": {
      "version": "3.1.0",
      "resolved": "https://registry.npmjs.org/touch/-/touch-3.1.0.tgz",
      "integrity": "sha512-WBx8Uy5TLtOSRtIq+M03/sKDrXCLHxwDcquSP2c43Le03/9serjQBIztjRz6FkJez9D/hleyAXTBGLwwZUw9lA==",
      "dev": true,
      "requires": {
        "nopt": "~1.0.10"
      }
    },
    "tough-cookie": {
      "version": "4.0.0",
      "resolved": "https://registry.npmjs.org/tough-cookie/-/tough-cookie-4.0.0.tgz",
      "integrity": "sha512-tHdtEpQCMrc1YLrMaqXXcj6AxhYi/xgit6mZu1+EDWUn+qhUf8wMQoFIy9NXuq23zAwtcB0t/MjACGR18pcRbg==",
      "requires": {
        "psl": "^1.1.33",
        "punycode": "^2.1.1",
        "universalify": "^0.1.2"
      }
    },
    "undefsafe": {
      "version": "2.0.5",
      "resolved": "https://registry.npmjs.org/undefsafe/-/undefsafe-2.0.5.tgz",
      "integrity": "sha512-WxONCrssBM8TSPRqN5EmsjVrsv4A8X12J4ArBiiayv3DyyG3ZlIg6yysuuSYdZsVz3TKcTg2fd//Ujd4CHV1iA==",
      "dev": true
    },
    "universalify": {
      "version": "0.1.2",
      "resolved": "https://registry.npmjs.org/universalify/-/universalify-0.1.2.tgz",
      "integrity": "sha512-rBJeI5CXAlmy1pV+617WB9J63U6XcazHHF2f2dbJix4XzpUF0RS3Zbj0FGIOCAva5P/d/GBOYaACQ1w+0azUkg=="
    },
    "ws": {
      "version": "7.5.9",
      "resolved": "https://registry.npmjs.org/ws/-/ws-7.5.9.tgz",
      "integrity": "sha512-F+P9Jil7UiSKSkppIiD94dN07AwvFixvLIj1Og1Rl9GGMuNipJnV9JzjD6XuqmAeiswGvUmNLjr5cFuXwNS77Q==",
      "dev": true
    },
    "yallist": {
      "version": "4.0.0",
      "resolved": "https://registry.npmjs.org/yallist/-/yallist-4.0.0.tgz",
      "integrity": "sha512-3wdGidZyq5PB084XLES5TpOSRA3wjXAlIWMhum2kRcv/41Sn2emQ0dycQW4uZXLejwKvg6EsvbdlVL+FYEct7A=="
    }
  }
}
